
Microsoft Visual Studio Solution File, Format Version 12.00
# Visual Studio Version 16
VisualStudioVersion = 16.0.31729.503
MinimumVisualStudioVersion = 10.0.40219.1
Project("{9A19103F-16F7-4668-BE54-9A1E7A4F7556}") = "UniversityWebSite.UI", "UniversityWebSite.UI\UniversityWebSite.UI.csproj", "{C6DC986E-5FA5-4A15-B040-A5127B1AA4E0}"
EndProject
Project("{9A19103F-16F7-4668-BE54-9A1E7A4F7556}") = "UniversityWebSite.DataAccess", "UniversityWebSite.DataAccess\UniversityWebSite.DataAccess.csproj", "{4FC9B901-DD91-4F56-AC39-D822A3488A3C}"
EndProject
Project("{9A19103F-16F7-4668-BE54-9A1E7A4F7556}") = "UniversityWebSite.Business", "UniversityWebSite.Business\UniversityWebSite.Business.csproj", "{0D5C0ED1-4215-4614-B490-B57CE168A740}"
EndProject
Project("{9A19103F-16F7-4668-BE54-9A1E7A4F7556}") = "UniversityWebSite.Entities", "UniversityWebSite.Entities\UniversityWebSite.Entities.csproj", "{DEAEA822-E88D-4FE0-8263-0D6F9A0E8CC2}"
EndProject
Project("{FAE04EC0-301F-11D3-BF4B-00C04F79EFBC}") = "UniversityWebSite.Core", "UniversityWebSite.Core\UniversityWebSite.Core.csproj", "{37328837-6CF6-4191-9E5D-951793FE38D1}"
EndProject
Global
	GlobalSection(SolutionConfigurationPlatforms) = preSolution
		Debug|Any CPU = Debug|Any CPU
		Release|Any CPU = Release|Any CPU
	EndGlobalSection
	GlobalSection(ProjectConfigurationPlatforms) = postSolution
		{C6DC986E-5FA5-4A15-B040-A5127B1AA4E0}.Debug|Any CPU.ActiveCfg = Debug|Any CPU
		{C6DC986E-5FA5-4A15-B040-A5127B1AA4E0}.Debug|Any CPU.Build.0 = Debug|Any CPU
		{C6DC986E-5FA5-4A15-B040-A5127B1AA4E0}.Release|Any CPU.ActiveCfg = Release|Any CPU
		{C6DC986E-5FA5-4A15-B040-A5127B1AA4E0}.Release|Any CPU.Build.0 = Release|Any CPU
		{4FC9B901-DD91-4F56-AC39-D822A3488A3C}.Debug|Any CPU.ActiveCfg = Debug|Any CPU
		{4FC9B901-DD91-4F56-AC39-D822A3488A3C}.Debug|Any CPU.Build.0 = Debug|Any CPU
		{4FC9B901-DD91-4F56-AC39-D822A3488A3C}.Release|Any CPU.ActiveCfg = Release|Any CPU
		{4FC9B901-DD91-4F56-AC39-D822A3488A3C}.Release|Any CPU.Build.0 = Release|Any CPU
		{0D5C0ED1-4215-4614-B490-B57CE168A740}.Debug|Any CPU.ActiveCfg = Debug|Any CPU
		{0D5C0ED1-4215-4614-B490-B57CE168A740}.Debug|Any CPU.Build.0 = Debug|Any CPU
		{0D5C0ED1-4215-4614-B490-B57CE168A740}.Release|Any CPU.ActiveCfg = Release|Any CPU
		{0D5C0ED1-4215-4614-B490-B57CE168A740}.Release|Any CPU.Build.0 = Release|Any CPU
		{DEAEA822-E88D-4FE0-8263-0D6F9A0E8CC2}.Debug|Any CPU.ActiveCfg = Debug|Any CPU
		{DEAEA822-E88D-4FE0-8263-0D6F9A0E8CC2}.Debug|Any CPU.Build.0 = Debug|Any CPU
		{DEAEA822-E88D-4FE0-8263-0D6F9A0E8CC2}.Release|Any CPU.ActiveCfg = Release|Any CPU
		{DEAEA822-E88D-4FE0-8263-0D6F9A0E8CC2}.Release|Any CPU.Build.0 = Release|Any CPU
		{37328837-6CF6-4191-9E5D-951793FE38D1}.Debug|Any CPU.ActiveCfg = Debug|Any CPU
		{37328837-6CF6-4191-9E5D-951793FE38D1}.Debug|Any CPU.Build.0 = Debug|Any CPU
		{37328837-6CF6-4191-9E5D-951793FE38D1}.Release|Any CPU.ActiveCfg = Release|Any CPU
		{37328837-6CF6-4191-9E5D-951793FE38D1}.Release|Any CPU.Build.0 = Release|Any CPU
	EndGlobalSection
	GlobalSection(SolutionProperties) = preSolution
		HideSolutionNode = FALSE
	EndGlobalSection
	GlobalSection(ExtensibilityGlobals) = postSolution
		SolutionGuid = {D918649C-9538-490C-82AE-C32A811B0F4A}
	EndGlobalSection
EndGlobal
